// !$*UTF8*$!
{
	archiveVersion = 1;
	classes = {
	};
	objectVersion = 55;
	objects = {

/* Begin PBXBuildFile section */
		37981A4728201D9100FE5129 /* SitesModel.swift in Sources */ = {isa = PBXBuildFile; fileRef = 37981A4628201D9100FE5129 /* SitesModel.swift */; };
		37981A4928201FCC00FE5129 /* SitesModelView.swift in Sources */ = {isa = PBXBuildFile; fileRef = 37981A4828201FCC00FE5129 /* SitesModelView.swift */; };
		899E2D1D281BE30400006D01 /* live29avril2022_MAPApp.swift in Sources */ = {isa = PBXBuildFile; fileRef = 899E2D1C281BE30400006D01 /* live29avril2022_MAPApp.swift */; };
		899E2D1F281BE30400006D01 /* ContentView.swift in Sources */ = {isa = PBXBuildFile; fileRef = 899E2D1E281BE30400006D01 /* ContentView.swift */; };
		899E2D21281BE30600006D01 /* Assets.xcassets in Resources */ = {isa = PBXBuildFile; fileRef = 899E2D20281BE30600006D01 /* Assets.xcassets */; };
		899E2D24281BE30600006D01 /* Preview Assets.xcassets in Resources */ = {isa = PBXBuildFile; fileRef = 899E2D23281BE30600006D01 /* Preview Assets.xcassets */; };
		899E2D2B281BE89300006D01 /* LocationHelper.swift in Sources */ = {isa = PBXBuildFile; fileRef = 899E2D2A281BE89300006D01 /* LocationHelper.swift */; };
/* End PBXBuildFile section */

/* Begin PBXFileReference section */
		37981A4628201D9100FE5129 /* SitesModel.swift */ = {isa = PBXFileReference; lastKnownFileType = sourcecode.swift; path = SitesModel.swift; sourceTree = "<group>"; };
		37981A4828201FCC00FE5129 /* SitesModelView.swift */ = {isa = PBXFileReference; lastKnownFileType = sourcecode.swift; path = SitesModelView.swift; sourceTree = "<group>"; };
		899E2D19281BE30400006D01 /* live29avril2022_MAP.app */ = {isa = PBXFileReference; explicitFileType = wrapper.application; includeInIndex = 0; path = live29avril2022_MAP.app; sourceTree = BUILT_PRODUCTS_DIR; };
		899E2D1C281BE30400006D01 /* live29avril2022_MAPApp.swift */ = {isa = PBXFileReference; lastKnownFileType = sourcecode.swift; path = live29avril2022_MAPApp.swift; sourceTree = "<group>"; };
		899E2D1E281BE30400006D01 /* ContentView.swift */ = {isa = PBXFileReference; lastKnownFileType = sourcecode.swift; path = ContentView.swift; sourceTree = "<group>"; };
		899E2D20281BE30600006D01 /* Assets.xcassets */ = {isa = PBXFileReference; lastKnownFileType = folder.assetcatalog; path = Assets.xcassets; sourceTree = "<group>"; };
		899E2D23281BE30600006D01 /* Preview Assets.xcassets */ = {isa = PBXFileReference; lastKnownFileType = folder.assetcatalog; path = "Preview Assets.xcassets"; sourceTree = "<group>"; };
		899E2D2A281BE89300006D01 /* LocationHelper.swift */ = {isa = PBXFileReference; lastKnownFileType = sourcecode.swift; path = LocationHelper.swift; sourceTree = "<group>"; };
/* End PBXFileReference section */

/* Begin PBXFrameworksBuildPhase section */
		899E2D16281BE30400006D01 /* Frameworks */ = {
			isa = PBXFrameworksBuildPhase;
			buildActionMask = 2147483647;
			files = (
			);
			runOnlyForDeploymentPostprocessing = 0;
		};
/* End PBXFrameworksBuildPhase section */

/* Begin PBXGroup section */
		37981A4228201D1300FE5129 /* LocationServices */ = {
			isa = PBXGroup;
			children = (
				899E2D2A281BE89300006D01 /* LocationHelper.swift */,
			);
			path = LocationServices;
			sourceTree = "<group>";
		};
		37981A4328201D2600FE5129 /* View */ = {
			isa = PBXGroup;
			children = (
				899E2D1E281BE30400006D01 /* ContentView.swift */,
			);
			path = View;
			sourceTree = "<group>";
		};
		37981A4428201D4200FE5129 /* Model */ = {
			isa = PBXGroup;
			children = (
				37981A4628201D9100FE5129 /* SitesModel.swift */,
			);
			path = Model;
			sourceTree = "<group>";
		};
		37981A4528201D4F00FE5129 /* ViewModel */ = {
			isa = PBXGroup;
			children = (
				37981A4828201FCC00FE5129 /* SitesModelView.swift */,
			);
			path = ViewModel;
			sourceTree = "<group>";
		};
		899E2D10281BE30400006D01 = {
			isa = PBXGroup;
			children = (
				899E2D1B281BE30400006D01 /* live29avril2022_MAP */,
				899E2D1A281BE30400006D01 /* Products */,
			);
			sourceTree = "<group>";
		};
		899E2D1A281BE30400006D01 /* Products */ = {
			isa = PBXGroup;
			children = (
				899E2D19281BE30400006D01 /* live29avril2022_MAP.app */,
			);
			name = Products;
			sourceTree = "<group>";
		};
		899E2D1B281BE30400006D01 /* live29avril2022_MAP */ = {
			isa = PBXGroup;
			children = (
				899E2D1C281BE30400006D01 /* live29avril2022_MAPApp.swift */,
				37981A4228201D1300FE5129 /* LocationServices */,
				37981A4428201D4200FE5129 /* Model */,
				37981A4528201D4F00FE5129 /* ViewModel */,
				37981A4328201D2600FE5129 /* View */,
				899E2D20281BE30600006D01 /* Assets.xcassets */,
				899E2D22281BE30600006D01 /* Preview Content */,
			);
			path = live29avril2022_MAP;
			sourceTree = "<group>";
		};
		899E2D22281BE30600006D01 /* Preview Content */ = {
			isa = PBXGroup;
			children = (
				899E2D23281BE30600006D01 /* Preview Assets.xcassets */,
			);
			path = "Preview Content";
			sourceTree = "<group>";
		};
/* End PBXGroup section */

/* Begin PBXNativeTarget section */
		899E2D18281BE30400006D01 /* live29avril2022_MAP */ = {
			isa = PBXNativeTarget;
			buildConfigurationList = 899E2D27281BE30600006D01 /* Build configuration list for PBXNativeTarget "live29avril2022_MAP" */;
			buildPhases = (
				899E2D15281BE30400006D01 /* Sources */,
				899E2D16281BE30400006D01 /* Frameworks */,
				899E2D17281BE30400006D01 /* Resources */,
			);
			buildRules = (
			);
			dependencies = (
			);
			name = live29avril2022_MAP;
			productName = live29avril2022_MAP;
			productReference = 899E2D19281BE30400006D01 /* live29avril2022_MAP.app */;
			productType = "com.apple.product-type.application";
		};
/* End PBXNativeTarget section */

/* Begin PBXProject section */
		899E2D11281BE30400006D01 /* Project object */ = {
			isa = PBXProject;
			attributes = {
				BuildIndependentTargetsInParallel = 1;
				LastSwiftUpdateCheck = 1310;
				LastUpgradeCheck = 1310;
				TargetAttributes = {
					899E2D18281BE30400006D01 = {
						CreatedOnToolsVersion = 13.1;
					};
				};
			};
			buildConfigurationList = 899E2D14281BE30400006D01 /* Build configuration list for PBXProject "live29avril2022_MAP" */;
			compatibilityVersion = "Xcode 13.0";
			developmentRegion = en;
			hasScannedForEncodings = 0;
			knownRegions = (
				en,
				Base,
			);
			mainGroup = 899E2D10281BE30400006D01;
			productRefGroup = 899E2D1A281BE30400006D01 /* Products */;
			projectDirPath = "";
			projectRoot = "";
			targets = (
				899E2D18281BE30400006D01 /* live29avril2022_MAP */,
			);
		};
/* End PBXProject section */

/* Begin PBXResourcesBuildPhase section */
		899E2D17281BE30400006D01 /* Resources */ = {
			isa = PBXResourcesBuildPhase;
			buildActionMask = 2147483647;
			files = (
				899E2D24281BE30600006D01 /* Preview Assets.xcassets in Resources */,
				899E2D21281BE30600006D01 /* Assets.xcassets in Resources */,
			);
			runOnlyForDeploymentPostprocessing = 0;
		};
/* End PBXResourcesBuildPhase section */

/* Begin PBXSourcesBuildPhase section */
		899E2D15281BE30400006D01 /* Sources */ = {
			isa = PBXSourcesBuildPhase;
			buildActionMask = 2147483647;
			files = (
				37981A4728201D9100FE5129 /* SitesModel.swift in Sources */,
				37981A4928201FCC00FE5129 /* SitesModelView.swift in Sources */,
				899E2D2B281BE89300006D01 /* LocationHelper.swift in Sources */,
				899E2D1F281BE30400006D01 /* ContentView.swift in Sources */,
				899E2D1D281BE30400006D01 /* live29avril2022_MAPApp.swift in Sources */,
			);
			runOnlyForDeploymentPostprocessing = 0;
		};
/* End PBXSourcesBuildPhase section */

/* Begin XCBuildConfiguration section */
		899E2D25281BE30600006D01 /* Debug */ = {
			isa = XCBuildConfiguration;
			buildSettings = {
				ALWAYS_SEARCH_USER_PATHS = NO;
				CLANG_ANALYZER_NONNULL = YES;
				CLANG_ANALYZER_NUMBER_OBJECT_CONVERSION = YES_AGGRESSIVE;
				CLANG_CXX_LANGUAGE_STANDARD = "gnu++17";
				CLANG_CXX_LIBRARY = "libc++";
				CLANG_ENABLE_MODULES = YES;
				CLANG_ENABLE_OBJC_ARC = YES;
				CLANG_ENABLE_OBJC_WEAK = YES;
				CLANG_WARN_BLOCK_CAPTURE_AUTORELEASING = YES;
				CLANG_WARN_BOOL_CONVERSION = YES;
				CLANG_WARN_COMMA = YES;
				CLANG_WARN_CONSTANT_CONVERSION = YES;
				CLANG_WARN_DEPRECATED_OBJC_IMPLEMENTATIONS = YES;
				CLANG_WARN_DIRECT_OBJC_ISA_USAGE = YES_ERROR;
				CLANG_WARN_DOCUMENTATION_COMMENTS = YES;
				CLANG_WARN_EMPTY_BODY = YES;
				CLANG_WARN_ENUM_CONVERSION = YES;
				CLANG_WARN_INFINITE_RECURSION = YES;
				CLANG_WARN_INT_CONVERSION = YES;
				CLANG_WARN_NON_LITERAL_NULL_CONVERSION = YES;
				CLANG_WARN_OBJC_IMPLICIT_RETAIN_SELF = YES;
				CLANG_WARN_OBJC_LITERAL_CONVERSION = YES;
				CLANG_WARN_OBJC_ROOT_CLASS = YES_ERROR;
				CLANG_WARN_QUOTED_INCLUDE_IN_FRAMEWORK_HEADER = YES;
				CLANG_WARN_RANGE_LOOP_ANALYSIS = YES;
				CLANG_WARN_STRICT_PROTOTYPES = YES;
				CLANG_WARN_SUSPICIOUS_MOVE = YES;
				CLANG_WARN_UNGUARDED_AVAILABILITY = YES_AGGRESSIVE;
				CLANG_WARN_UNREACHABLE_CODE = YES;
				CLANG_WARN__DUPLICATE_METHOD_MATCH = YES;
				COPY_PHASE_STRIP = NO;
				DEBUG_INFORMATION_FORMAT = dwarf;
				ENABLE_STRICT_OBJC_MSGSEND = YES;
				ENABLE_TESTABILITY = YES;
				GCC_C_LANGUAGE_STANDARD = gnu11;
				GCC_DYNAMIC_NO_PIC = NO;
				GCC_NO_COMMON_BLOCKS = YES;
				GCC_OPTIMIZATION_LEVEL = 0;
				GCC_PREPROCESSOR_DEFINITIONS = (
					"DEBUG=1",
					"$(inherited)",
				);
				GCC_WARN_64_TO_32_BIT_CONVERSION = YES;
				GCC_WARN_ABOUT_RETURN_TYPE = YES_ERROR;
				GCC_WARN_UNDECLARED_SELECTOR = YES;
				GCC_WARN_UNINITIALIZED_AUTOS = YES_AGGRESSIVE;
				GCC_WARN_UNUSED_FUNCTION = YES;
				GCC_WARN_UNUSED_VARIABLE = YES;
				IPHONEOS_DEPLOYMENT_TARGET = 15.0;
				MTL_ENABLE_DEBUG_INFO = INCLUDE_SOURCE;
				MTL_FAST_MATH = YES;
				ONLY_ACTIVE_ARCH = YES;
				SDKROOT = iphoneos;
				SWIFT_ACTIVE_COMPILATION_CONDITIONS = DEBUG;
				SWIFT_OPTIMIZATION_LEVEL = "-Onone";
			};
			name = Debug;
		};
		899E2D26281BE30600006D01 /* Release */ = {
			isa = XCBuildConfiguration;
			buildSettings = {
				ALWAYS_SEARCH_USER_PATHS = NO;
				CLANG_ANALYZER_NONNULL = YES;
				CLANG_ANALYZER_NUMBER_OBJECT_CONVERSION = YES_AGGRESSIVE;
				CLANG_CXX_LANGUAGE_STANDARD = "gnu++17";
				CLANG_CXX_LIBRARY = "libc++";
				CLANG_ENABLE_MODULES = YES;
				CLANG_ENABLE_OBJC_ARC = YES;
				CLANG_ENABLE_OBJC_WEAK = YES;
				CLANG_WARN_BLOCK_CAPTURE_AUTORELEASING = YES;
				CLANG_WARN_BOOL_CONVERSION = YES;
				CLANG_WARN_COMMA = YES;
				CLANG_WARN_CONSTANT_CONVERSION = YES;
				CLANG_WARN_DEPRECATED_OBJC_IMPLEMENTATIONS = YES;
				CLANG_WARN_DIRECT_OBJC_ISA_USAGE = YES_ERROR;
				CLANG_WARN_DOCUMENTATION_COMMENTS = YES;
				CLANG_WARN_EMPTY_BODY = YES;
				CLANG_WARN_ENUM_CONVERSION = YES;
				CLANG_WARN_INFINITE_RECURSION = YES;
				CLANG_WARN_INT_CONVERSION = YES;
				CLANG_WARN_NON_LITERAL_NULL_CONVERSION = YES;
				CLANG_WARN_OBJC_IMPLICIT_RETAIN_SELF = YES;
				CLANG_WARN_OBJC_LITERAL_CONVERSION = YES;
				CLANG_WARN_OBJC_ROOT_CLASS = YES_ERROR;
				CLANG_WARN_QUOTED_INCLUDE_IN_FRAMEWORK_HEADER = YES;
				CLANG_WARN_RANGE_LOOP_ANALYSIS = YES;
				CLANG_WARN_STRICT_PROTOTYPES = YES;
				CLANG_WARN_SUSPICIOUS_MOVE = YES;
				CLANG_WARN_UNGUARDED_AVAILABILITY = YES_AGGRESSIVE;
				CLANG_WARN_UNREACHABLE_CODE = YES;
				CLANG_WARN__DUPLICATE_METHOD_MATCH = YES;
				COPY_PHASE_STRIP = NO;
				DEBUG_INFORMATION_FORMAT = "dwarf-with-dsym";
				ENABLE_NS_ASSERTIONS = NO;
				ENABLE_STRICT_OBJC_MSGSEND = YES;
				GCC_C_LANGUAGE_STANDARD = gnu11;
				GCC_NO_COMMON_BLOCKS = YES;
				GCC_WARN_64_TO_32_BIT_CONVERSION = YES;
				GCC_WARN_ABOUT_RETURN_TYPE = YES_ERROR;
				GCC_WARN_UNDECLARED_SELECTOR = YES;
				GCC_WARN_UNINITIALIZED_AUTOS = YES_AGGRESSIVE;
				GCC_WARN_UNUSED_FUNCTION = YES;
				GCC_WARN_UNUSED_VARIABLE = YES;
				IPHONEOS_DEPLOYMENT_TARGET = 15.0;
				MTL_ENABLE_DEBUG_INFO = NO;
				MTL_FAST_MATH = YES;
				SDKROOT = iphoneos;
				SWIFT_COMPILATION_MODE = wholemodule;
				SWIFT_OPTIMIZATION_LEVEL = "-O";
				VALIDATE_PRODUCT = YES;
			};
			name = Release;
		};
		899E2D28281BE30600006D01 /* Debug */ = {
			isa = XCBuildConfiguration;
			buildSettings = {
				ASSETCATALOG_COMPILER_APPICON_NAME = AppIcon;
				ASSETCATALOG_COMPILER_GLOBAL_ACCENT_COLOR_NAME = AccentColor;
				CODE_SIGN_STYLE = Automatic;
				CURRENT_PROJECT_VERSION = 1;
				DEVELOPMENT_ASSET_PATHS = "\"live29avril2022_MAP/Preview Content\"";
				DEVELOPMENT_TEAM = SV32QZFP9X;
				ENABLE_PREVIEWS = YES;
				GENERATE_INFOPLIST_FILE = YES;
				INFOPLIST_KEY_CFBundleDisplayName = "";
				INFOPLIST_KEY_NSLocationAlwaysAndWhenInUseUsageDescription = "carte autorisé -";
				INFOPLIST_KEY_NSLocationAlwaysUsageDescription = "Utilisation de la carte";
				INFOPLIST_KEY_NSLocationUsageDescription = "utilisation carte geolocalisation";
				INFOPLIST_KEY_NSLocationWhenInUseUsageDescription = "carte autorisé";
				INFOPLIST_KEY_UIApplicationSceneManifest_Generation = YES;
				INFOPLIST_KEY_UIApplicationSupportsIndirectInputEvents = YES;
				INFOPLIST_KEY_UILaunchScreen_Generation = YES;
				INFOPLIST_KEY_UISupportedInterfaceOrientations_iPad = "UIInterfaceOrientationPortrait UIInterfaceOrientationPortraitUpsideDown UIInterfaceOrientationLandscapeLeft UIInterfaceOrientationLandscapeRight";
				INFOPLIST_KEY_UISupportedInterfaceOrientations_iPhone = "UIInterfaceOrientationPortrait UIInterfaceOrientationLandscapeLeft UIInterfaceOrientationLandscapeRight";
				LD_RUNPATH_SEARCH_PATHS = (
					"$(inherited)",
					"@executable_path/Frameworks",
				);
				MARKETING_VERSION = 1.0;
				PRODUCT_BUNDLE_IDENTIFIER = "com.martres.live29avril2022-MAP";
				PRODUCT_NAME = "$(TARGET_NAME)";
				SWIFT_EMIT_LOC_STRINGS = YES;
				SWIFT_VERSION = 5.0;
				TARGETED_DEVICE_FAMILY = "1,2";
			};
			name = Debug;
		};
		899E2D29281BE30600006D01 /* Release */ = {
			isa = XCBuildConfiguration;
			buildSettings = {
				ASSETCATALOG_COMPILER_APPICON_NAME = AppIcon;
				ASSETCATALOG_COMPILER_GLOBAL_ACCENT_COLOR_NAME = AccentColor;
				CODE_SIGN_STYLE = Automatic;
				CURRENT_PROJECT_VERSION = 1;
				DEVELOPMENT_ASSET_PATHS = "\"live29avril2022_MAP/Preview Content\"";
				DEVELOPMENT_TEAM = SV32QZFP9X;
				ENABLE_PREVIEWS = YES;
				GENERATE_INFOPLIST_FILE = YES;
				INFOPLIST_KEY_CFBundleDisplayName = "";
				INFOPLIST_KEY_NSLocationAlwaysAndWhenInUseUsageDescription = "carte autorisé -";
				INFOPLIST_KEY_NSLocationAlwaysUsageDescription = "Utilisation de la carte";
				INFOPLIST_KEY_NSLocationUsageDescription = "utilisation carte geolocalisation";
				INFOPLIST_KEY_NSLocationWhenInUseUsageDescription = "carte autorisé";
				INFOPLIST_KEY_UIApplicationSceneManifest_Generation = YES;
				INFOPLIST_KEY_UIApplicationSupportsIndirectInputEvents = YES;
				INFOPLIST_KEY_UILaunchScreen_Generation = YES;
				INFOPLIST_KEY_UISupportedInterfaceOrientations_iPad = "UIInterfaceOrientationPortrait UIInterfaceOrientationPortraitUpsideDown UIInterfaceOrientationLandscapeLeft UIInterfaceOrientationLandscapeRight";
				INFOPLIST_KEY_UISupportedInterfaceOrientations_iPhone = "UIInterfaceOrientationPortrait UIInterfaceOrientationLandscapeLeft UIInterfaceOrientationLandscapeRight";
				LD_RUNPATH_SEARCH_PATHS = (
					"$(inherited)",
					"@executable_path/Frameworks",
				);
				MARKETING_VERSION = 1.0;
				PRODUCT_BUNDLE_IDENTIFIER = "com.martres.live29avril2022-MAP";
				PRODUCT_NAME = "$(TARGET_NAME)";
				SWIFT_EMIT_LOC_STRINGS = YES;
				SWIFT_VERSION = 5.0;
				TARGETED_DEVICE_FAMILY = "1,2";
			};
			name = Release;
		};
/* End XCBuildConfiguration section */

/* Begin XCConfigurationList section */
		899E2D14281BE30400006D01 /* Build configuration list for PBXProject "live29avril2022_MAP" */ = {
			isa = XCConfigurationList;
			buildConfigurations = (
				899E2D25281BE30600006D01 /* Debug */,
				899E2D26281BE30600006D01 /* Release */,
			);
			defaultConfigurationIsVisible = 0;
			defaultConfigurationName = Release;
		};
		899E2D27281BE30600006D01 /* Build configuration list for PBXNativeTarget "live29avril2022_MAP" */ = {
			isa = XCConfigurationList;
			buildConfigurations = (
				899E2D28281BE30600006D01 /* Debug */,
				899E2D29281BE30600006D01 /* Release */,
			);
			defaultConfigurationIsVisible = 0;
			defaultConfigurationName = Release;
		};
/* End XCConfigurationList section */
	};
	rootObject = 899E2D11281BE30400006D01 /* Project object */;
}
